// !$*UTF8*$!
{
	archiveVersion = 1;
	classes = {
	};
	objectVersion = 56;
	objects = {

/* Begin PBXBuildFile section */
		95F5F1842A46754300B1E408 /* WatchOSWithiOSApp.swift in Sources */ = {isa = PBXBuildFile; fileRef = 95F5F1832A46754300B1E408 /* WatchOSWithiOSApp.swift */; };
		95F5F1862A46754300B1E408 /* ContentView.swift in Sources */ = {isa = PBXBuildFile; fileRef = 95F5F1852A46754300B1E408 /* ContentView.swift */; };
		95F5F1882A46754400B1E408 /* Assets.xcassets in Resources */ = {isa = PBXBuildFile; fileRef = 95F5F1872A46754400B1E408 /* Assets.xcassets */; };
		95F5F18B2A46754400B1E408 /* Preview Assets.xcassets in Resources */ = {isa = PBXBuildFile; fileRef = 95F5F18A2A46754400B1E408 /* Preview Assets.xcassets */; };
		95F5F1912A46754400B1E408 /* WatchOSWithiOS Watch App.app in Embed Watch Content */ = {isa = PBXBuildFile; fileRef = 95F5F1902A46754400B1E408 /* WatchOSWithiOS Watch App.app */; settings = {ATTRIBUTES = (RemoveHeadersOnCopy, ); }; };
		95F5F1962A46754400B1E408 /* WatchOSWithiOSApp.swift in Sources */ = {isa = PBXBuildFile; fileRef = 95F5F1952A46754400B1E408 /* WatchOSWithiOSApp.swift */; };
		95F5F1982A46754400B1E408 /* ContentView.swift in Sources */ = {isa = PBXBuildFile; fileRef = 95F5F1972A46754400B1E408 /* ContentView.swift */; };
		95F5F19A2A46754500B1E408 /* Assets.xcassets in Resources */ = {isa = PBXBuildFile; fileRef = 95F5F1992A46754500B1E408 /* Assets.xcassets */; };
		95F5F19D2A46754500B1E408 /* Preview Assets.xcassets in Resources */ = {isa = PBXBuildFile; fileRef = 95F5F19C2A46754500B1E408 /* Preview Assets.xcassets */; };
/* End PBXBuildFile section */

/* Begin PBXContainerItemProxy section */
		95F5F1922A46754400B1E408 /* PBXContainerItemProxy */ = {
			isa = PBXContainerItemProxy;
			containerPortal = 95F5F1782A46754300B1E408 /* Project object */;
			proxyType = 1;
			remoteGlobalIDString = 95F5F18F2A46754400B1E408;
			remoteInfo = "WatchOSWithiOS Watch App";
		};
/* End PBXContainerItemProxy section */

/* Begin PBXCopyFilesBuildPhase section */
		95F5F1A32A46754500B1E408 /* Embed Watch Content */ = {
			isa = PBXCopyFilesBuildPhase;
			buildActionMask = 2147483647;
			dstPath = "$(CONTENTS_FOLDER_PATH)/Watch";
			dstSubfolderSpec = 16;
			files = (
				95F5F1912A46754400B1E408 /* WatchOSWithiOS Watch App.app in Embed Watch Content */,
			);
			name = "Embed Watch Content";
			runOnlyForDeploymentPostprocessing = 0;
		};
/* End PBXCopyFilesBuildPhase section */

/* Begin PBXFileReference section */
		95F5F1802A46754300B1E408 /* WatchOSWithiOS.app */ = {isa = PBXFileReference; explicitFileType = wrapper.application; includeInIndex = 0; path = WatchOSWithiOS.app; sourceTree = BUILT_PRODUCTS_DIR; };
		95F5F1832A46754300B1E408 /* WatchOSWithiOSApp.swift */ = {isa = PBXFileReference; lastKnownFileType = sourcecode.swift; path = WatchOSWithiOSApp.swift; sourceTree = "<group>"; };
		95F5F1852A46754300B1E408 /* ContentView.swift */ = {isa = PBXFileReference; lastKnownFileType = sourcecode.swift; path = ContentView.swift; sourceTree = "<group>"; };
		95F5F1872A46754400B1E408 /* Assets.xcassets */ = {isa = PBXFileReference; lastKnownFileType = folder.assetcatalog; path = Assets.xcassets; sourceTree = "<group>"; };
		95F5F18A2A46754400B1E408 /* Preview Assets.xcassets */ = {isa = PBXFileReference; lastKnownFileType = folder.assetcatalog; path = "Preview Assets.xcassets"; sourceTree = "<group>"; };
		95F5F1902A46754400B1E408 /* WatchOSWithiOS Watch App.app */ = {isa = PBXFileReference; explicitFileType = wrapper.application; includeInIndex = 0; path = "WatchOSWithiOS Watch App.app"; sourceTree = BUILT_PRODUCTS_DIR; };
		95F5F1952A46754400B1E408 /* WatchOSWithiOSApp.swift */ = {isa = PBXFileReference; lastKnownFileType = sourcecode.swift; path = WatchOSWithiOSApp.swift; sourceTree = "<group>"; };
		95F5F1972A46754400B1E408 /* ContentView.swift */ = {isa = PBXFileReference; lastKnownFileType = sourcecode.swift; path = ContentView.swift; sourceTree = "<group>"; };
		95F5F1992A46754500B1E408 /* Assets.xcassets */ = {isa = PBXFileReference; lastKnownFileType = folder.assetcatalog; path = Assets.xcassets; sourceTree = "<group>"; };
		95F5F19C2A46754500B1E408 /* Preview Assets.xcassets */ = {isa = PBXFileReference; lastKnownFileType = folder.assetcatalog; path = "Preview Assets.xcassets"; sourceTree = "<group>"; };
/* End PBXFileReference section */

/* Begin PBXFrameworksBuildPhase section */
		95F5F17D2A46754300B1E408 /* Frameworks */ = {
			isa = PBXFrameworksBuildPhase;
			buildActionMask = 2147483647;
			files = (
			);
			runOnlyForDeploymentPostprocessing = 0;
		};
		95F5F18D2A46754400B1E408 /* Frameworks */ = {
			isa = PBXFrameworksBuildPhase;
			buildActionMask = 2147483647;
			files = (
			);
			runOnlyForDeploymentPostprocessing = 0;
		};
/* End PBXFrameworksBuildPhase section */

/* Begin PBXGroup section */
		95F5F1772A46754300B1E408 = {
			isa = PBXGroup;
			children = (
				95F5F1822A46754300B1E408 /* WatchOSWithiOS */,
				95F5F1942A46754400B1E408 /* WatchOSWithiOS Watch App */,
				95F5F1812A46754300B1E408 /* Products */,
			);
			sourceTree = "<group>";
		};
		95F5F1812A46754300B1E408 /* Products */ = {
			isa = PBXGroup;
			children = (
				95F5F1802A46754300B1E408 /* WatchOSWithiOS.app */,
				95F5F1902A46754400B1E408 /* WatchOSWithiOS Watch App.app */,
			);
			name = Products;
			sourceTree = "<group>";
		};
		95F5F1822A46754300B1E408 /* WatchOSWithiOS */ = {
			isa = PBXGroup;
			children = (
				95F5F1832A46754300B1E408 /* WatchOSWithiOSApp.swift */,
				95F5F1852A46754300B1E408 /* ContentView.swift */,
				95F5F1872A46754400B1E408 /* Assets.xcassets */,
				95F5F1892A46754400B1E408 /* Preview Content */,
			);
			path = WatchOSWithiOS;
			sourceTree = "<group>";
		};
		95F5F1892A46754400B1E408 /* Preview Content */ = {
			isa = PBXGroup;
			children = (
				95F5F18A2A46754400B1E408 /* Preview Assets.xcassets */,
			);
			path = "Preview Content";
			sourceTree = "<group>";
		};
		95F5F1942A46754400B1E408 /* WatchOSWithiOS Watch App */ = {
			isa = PBXGroup;
			children = (
				95F5F1952A46754400B1E408 /* WatchOSWithiOSApp.swift */,
				95F5F1972A46754400B1E408 /* ContentView.swift */,
				95F5F1992A46754500B1E408 /* Assets.xcassets */,
				95F5F19B2A46754500B1E408 /* Preview Content */,
			);
			path = "WatchOSWithiOS Watch App";
			sourceTree = "<group>";
		};
		95F5F19B2A46754500B1E408 /* Preview Content */ = {
			isa = PBXGroup;
			children = (
				95F5F19C2A46754500B1E408 /* Preview Assets.xcassets */,
			);
			path = "Preview Content";
			sourceTree = "<group>";
		};
/* End PBXGroup section */

/* Begin PBXNativeTarget section */
		95F5F17F2A46754300B1E408 /* WatchOSWithiOS */ = {
			isa = PBXNativeTarget;
			buildConfigurationList = 95F5F1A42A46754500B1E408 /* Build configuration list for PBXNativeTarget "WatchOSWithiOS" */;
			buildPhases = (
				95F5F17C2A46754300B1E408 /* Sources */,
				95F5F17D2A46754300B1E408 /* Frameworks */,
				95F5F17E2A46754300B1E408 /* Resources */,
				95F5F1A32A46754500B1E408 /* Embed Watch Content */,
			);
			buildRules = (
			);
			dependencies = (
				95F5F1932A46754400B1E408 /* PBXTargetDependency */,
			);
			name = WatchOSWithiOS;
			productName = WatchOSWithiOS;
			productReference = 95F5F1802A46754300B1E408 /* WatchOSWithiOS.app */;
			productType = "com.apple.product-type.application";
		};
		95F5F18F2A46754400B1E408 /* WatchOSWithiOS Watch App */ = {
			isa = PBXNativeTarget;
			buildConfigurationList = 95F5F1A02A46754500B1E408 /* Build configuration list for PBXNativeTarget "WatchOSWithiOS Watch App" */;
			buildPhases = (
				95F5F18C2A46754400B1E408 /* Sources */,
				95F5F18D2A46754400B1E408 /* Frameworks */,
				95F5F18E2A46754400B1E408 /* Resources */,
			);
			buildRules = (
			);
			dependencies = (
			);
			name = "WatchOSWithiOS Watch App";
			productName = "WatchOSWithiOS Watch App";
			productReference = 95F5F1902A46754400B1E408 /* WatchOSWithiOS Watch App.app */;
			productType = "com.apple.product-type.application";
		};
/* End PBXNativeTarget section */

/* Begin PBXProject section */
		95F5F1782A46754300B1E408 /* Project object */ = {
			isa = PBXProject;
			attributes = {
				BuildIndependentTargetsInParallel = 1;
				LastSwiftUpdateCheck = 1420;
				LastUpgradeCheck = 1420;
				TargetAttributes = {
					95F5F17F2A46754300B1E408 = {
						CreatedOnToolsVersion = 14.2;
					};
					95F5F18F2A46754400B1E408 = {
						CreatedOnToolsVersion = 14.2;
					};
				};
			};
			buildConfigurationList = 95F5F17B2A46754300B1E408 /* Build configuration list for PBXProject "WatchOSWithiOS" */;
			compatibilityVersion = "Xcode 14.0";
			developmentRegion = en;
			hasScannedForEncodings = 0;
			knownRegions = (
				en,
				Base,
			);
			mainGroup = 95F5F1772A46754300B1E408;
			productRefGroup = 95F5F1812A46754300B1E408 /* Products */;
			projectDirPath = "";
			projectRoot = "";
			targets = (
				95F5F17F2A46754300B1E408 /* WatchOSWithiOS */,
				95F5F18F2A46754400B1E408 /* WatchOSWithiOS Watch App */,
			);
		};
/* End PBXProject section */

/* Begin PBXResourcesBuildPhase section */
		95F5F17E2A46754300B1E408 /* Resources */ = {
			isa = PBXResourcesBuildPhase;
			buildActionMask = 2147483647;
			files = (
				95F5F18B2A46754400B1E408 /* Preview Assets.xcassets in Resources */,
				95F5F1882A46754400B1E408 /* Assets.xcassets in Resources */,
			);
			runOnlyForDeploymentPostprocessing = 0;
		};
		95F5F18E2A46754400B1E408 /* Resources */ = {
			isa = PBXResourcesBuildPhase;
			buildActionMask = 2147483647;
			files = (
				95F5F19D2A46754500B1E408 /* Preview Assets.xcassets in Resources */,
				95F5F19A2A46754500B1E408 /* Assets.xcassets in Resources */,
			);
			runOnlyForDeploymentPostprocessing = 0;
		};
/* End PBXResourcesBuildPhase section */

/* Begin PBXSourcesBuildPhase section */
		95F5F17C2A46754300B1E408 /* Sources */ = {
			isa = PBXSourcesBuildPhase;
			buildActionMask = 2147483647;
			files = (
				95F5F1862A46754300B1E408 /* ContentView.swift in Sources */,
				95F5F1842A46754300B1E408 /* WatchOSWithiOSApp.swift in Sources */,
			);
			runOnlyForDeploymentPostprocessing = 0;
		};
		95F5F18C2A46754400B1E408 /* Sources */ = {
			isa = PBXSourcesBuildPhase;
			buildActionMask = 2147483647;
			files = (
				95F5F1982A46754400B1E408 /* ContentView.swift in Sources */,
				95F5F1962A46754400B1E408 /* WatchOSWithiOSApp.swift in Sources */,
			);
			runOnlyForDeploymentPostprocessing = 0;
		};
/* End PBXSourcesBuildPhase section */

/* Begin PBXTargetDependency section */
		95F5F1932A46754400B1E408 /* PBXTargetDependency */ = {
			isa = PBXTargetDependency;
			target = 95F5F18F2A46754400B1E408 /* WatchOSWithiOS Watch App */;
			targetProxy = 95F5F1922A46754400B1E408 /* PBXContainerItemProxy */;
		};
/* End PBXTargetDependency section */

/* Begin XCBuildConfiguration section */
		95F5F19E2A46754500B1E408 /* Debug */ = {
			isa = XCBuildConfiguration;
			buildSettings = {
				ALWAYS_SEARCH_USER_PATHS = NO;
				CLANG_ANALYZER_NONNULL = YES;
				CLANG_ANALYZER_NUMBER_OBJECT_CONVERSION = YES_AGGRESSIVE;
				CLANG_CXX_LANGUAGE_STANDARD = "gnu++20";
				CLANG_ENABLE_MODULES = YES;
				CLANG_ENABLE_OBJC_ARC = YES;
				CLANG_ENABLE_OBJC_WEAK = YES;
				CLANG_WARN_BLOCK_CAPTURE_AUTORELEASING = YES;
				CLANG_WARN_BOOL_CONVERSION = YES;
				CLANG_WARN_COMMA = YES;
				CLANG_WARN_CONSTANT_CONVERSION = YES;
				CLANG_WARN_DEPRECATED_OBJC_IMPLEMENTATIONS = YES;
				CLANG_WARN_DIRECT_OBJC_ISA_USAGE = YES_ERROR;
				CLANG_WARN_DOCUMENTATION_COMMENTS = YES;
				CLANG_WARN_EMPTY_BODY = YES;
				CLANG_WARN_ENUM_CONVERSION = YES;
				CLANG_WARN_INFINITE_RECURSION = YES;
				CLANG_WARN_INT_CONVERSION = YES;
				CLANG_WARN_NON_LITERAL_NULL_CONVERSION = YES;
				CLANG_WARN_OBJC_IMPLICIT_RETAIN_SELF = YES;
				CLANG_WARN_OBJC_LITERAL_CONVERSION = YES;
				CLANG_WARN_OBJC_ROOT_CLASS = YES_ERROR;
				CLANG_WARN_QUOTED_INCLUDE_IN_FRAMEWORK_HEADER = YES;
				CLANG_WARN_RANGE_LOOP_ANALYSIS = YES;
				CLANG_WARN_STRICT_PROTOTYPES = YES;
				CLANG_WARN_SUSPICIOUS_MOVE = YES;
				CLANG_WARN_UNGUARDED_AVAILABILITY = YES_AGGRESSIVE;
				CLANG_WARN_UNREACHABLE_CODE = YES;
				CLANG_WARN__DUPLICATE_METHOD_MATCH = YES;
				COPY_PHASE_STRIP = NO;
				DEBUG_INFORMATION_FORMAT = dwarf;
				ENABLE_STRICT_OBJC_MSGSEND = YES;
				ENABLE_TESTABILITY = YES;
				GCC_C_LANGUAGE_STANDARD = gnu11;
				GCC_DYNAMIC_NO_PIC = NO;
				GCC_NO_COMMON_BLOCKS = YES;
				GCC_OPTIMIZATION_LEVEL = 0;
				GCC_PREPROCESSOR_DEFINITIONS = (
					"DEBUG=1",
					"$(inherited)",
				);
				GCC_WARN_64_TO_32_BIT_CONVERSION = YES;
				GCC_WARN_ABOUT_RETURN_TYPE = YES_ERROR;
				GCC_WARN_UNDECLARED_SELECTOR = YES;
				GCC_WARN_UNINITIALIZED_AUTOS = YES_AGGRESSIVE;
				GCC_WARN_UNUSED_FUNCTION = YES;
				GCC_WARN_UNUSED_VARIABLE = YES;
				MTL_ENABLE_DEBUG_INFO = INCLUDE_SOURCE;
				MTL_FAST_MATH = YES;
				ONLY_ACTIVE_ARCH = YES;
				SWIFT_ACTIVE_COMPILATION_CONDITIONS = DEBUG;
				SWIFT_OPTIMIZATION_LEVEL = "-Onone";
			};
			name = Debug;
		};
		95F5F19F2A46754500B1E408 /* Release */ = {
			isa = XCBuildConfiguration;
			buildSettings = {
				ALWAYS_SEARCH_USER_PATHS = NO;
				CLANG_ANALYZER_NONNULL = YES;
				CLANG_ANALYZER_NUMBER_OBJECT_CONVERSION = YES_AGGRESSIVE;
				CLANG_CXX_LANGUAGE_STANDARD = "gnu++20";
				CLANG_ENABLE_MODULES = YES;
				CLANG_ENABLE_OBJC_ARC = YES;
				CLANG_ENABLE_OBJC_WEAK = YES;
				CLANG_WARN_BLOCK_CAPTURE_AUTORELEASING = YES;
				CLANG_WARN_BOOL_CONVERSION = YES;
				CLANG_WARN_COMMA = YES;
				CLANG_WARN_CONSTANT_CONVERSION = YES;
				CLANG_WARN_DEPRECATED_OBJC_IMPLEMENTATIONS = YES;
				CLANG_WARN_DIRECT_OBJC_ISA_USAGE = YES_ERROR;
				CLANG_WARN_DOCUMENTATION_COMMENTS = YES;
				CLANG_WARN_EMPTY_BODY = YES;
				CLANG_WARN_ENUM_CONVERSION = YES;
				CLANG_WARN_INFINITE_RECURSION = YES;
				CLANG_WARN_INT_CONVERSION = YES;
				CLANG_WARN_NON_LITERAL_NULL_CONVERSION = YES;
				CLANG_WARN_OBJC_IMPLICIT_RETAIN_SELF = YES;
				CLANG_WARN_OBJC_LITERAL_CONVERSION = YES;
				CLANG_WARN_OBJC_ROOT_CLASS = YES_ERROR;
				CLANG_WARN_QUOTED_INCLUDE_IN_FRAMEWORK_HEADER = YES;
				CLANG_WARN_RANGE_LOOP_ANALYSIS = YES;
				CLANG_WARN_STRICT_PROTOTYPES = YES;
				CLANG_WARN_SUSPICIOUS_MOVE = YES;
				CLANG_WARN_UNGUARDED_AVAILABILITY = YES_AGGRESSIVE;
				CLANG_WARN_UNREACHABLE_CODE = YES;
				CLANG_WARN__DUPLICATE_METHOD_MATCH = YES;
				COPY_PHASE_STRIP = NO;
				DEBUG_INFORMATION_FORMAT = "dwarf-with-dsym";
				ENABLE_NS_ASSERTIONS = NO;
				ENABLE_STRICT_OBJC_MSGSEND = YES;
				GCC_C_LANGUAGE_STANDARD = gnu11;
				GCC_NO_COMMON_BLOCKS = YES;
				GCC_WARN_64_TO_32_BIT_CONVERSION = YES;
				GCC_WARN_ABOUT_RETURN_TYPE = YES_ERROR;
				GCC_WARN_UNDECLARED_SELECTOR = YES;
				GCC_WARN_UNINITIALIZED_AUTOS = YES_AGGRESSIVE;
				GCC_WARN_UNUSED_FUNCTION = YES;
				GCC_WARN_UNUSED_VARIABLE = YES;
				MTL_ENABLE_DEBUG_INFO = NO;
				MTL_FAST_MATH = YES;
				SWIFT_COMPILATION_MODE = wholemodule;
				SWIFT_OPTIMIZATION_LEVEL = "-O";
			};
			name = Release;
		};
		95F5F1A12A46754500B1E408 /* Debug */ = {
			isa = XCBuildConfiguration;
			buildSettings = {
				ASSETCATALOG_COMPILER_APPICON_NAME = AppIcon;
				ASSETCATALOG_COMPILER_GLOBAL_ACCENT_COLOR_NAME = AccentColor;
				CODE_SIGN_STYLE = Automatic;
				CURRENT_PROJECT_VERSION = 1;
				DEVELOPMENT_ASSET_PATHS = "\"WatchOSWithiOS Watch App/Preview Content\"";
				ENABLE_PREVIEWS = YES;
				GENERATE_INFOPLIST_FILE = YES;
				INFOPLIST_KEY_CFBundleDisplayName = WatchOSWithiOS;
				INFOPLIST_KEY_UISupportedInterfaceOrientations = "UIInterfaceOrientationPortrait UIInterfaceOrientationPortraitUpsideDown";
				INFOPLIST_KEY_WKCompanionAppBundleIdentifier = austin.com.WatchOSWithiOS;
				LD_RUNPATH_SEARCH_PATHS = (
					"$(inherited)",
					"@executable_path/Frameworks",
				);
				MARKETING_VERSION = 1.0;
				PRODUCT_BUNDLE_IDENTIFIER = austin.com.WatchOSWithiOS.watchkitapp;
				PRODUCT_NAME = "$(TARGET_NAME)";
				SDKROOT = watchos;
				SKIP_INSTALL = YES;
				SWIFT_EMIT_LOC_STRINGS = YES;
				SWIFT_VERSION = 5.0;
				TARGETED_DEVICE_FAMILY = 4;
				WATCHOS_DEPLOYMENT_TARGET = 9.1;
			};
			name = Debug;
		};
		95F5F1A22A46754500B1E408 /* Release */ = {
			isa = XCBuildConfiguration;
			buildSettings = {
				ASSETCATALOG_COMPILER_APPICON_NAME = AppIcon;
				ASSETCATALOG_COMPILER_GLOBAL_ACCENT_COLOR_NAME = AccentColor;
				CODE_SIGN_STYLE = Automatic;
				CURRENT_PROJECT_VERSION = 1;
				DEVELOPMENT_ASSET_PATHS = "\"WatchOSWithiOS Watch App/Preview Content\"";
				ENABLE_PREVIEWS = YES;
				GENERATE_INFOPLIST_FILE = YES;
				INFOPLIST_KEY_CFBundleDisplayName = WatchOSWithiOS;
				INFOPLIST_KEY_UISupportedInterfaceOrientations = "UIInterfaceOrientationPortrait UIInterfaceOrientationPortraitUpsideDown";
				INFOPLIST_KEY_WKCompanionAppBundleIdentifier = austin.com.WatchOSWithiOS;
				LD_RUNPATH_SEARCH_PATHS = (
					"$(inherited)",
					"@executable_path/Frameworks",
				);
				MARKETING_VERSION = 1.0;
				PRODUCT_BUNDLE_IDENTIFIER = austin.com.WatchOSWithiOS.watchkitapp;
				PRODUCT_NAME = "$(TARGET_NAME)";
				SDKROOT = watchos;
				SKIP_INSTALL = YES;
				SWIFT_EMIT_LOC_STRINGS = YES;
				SWIFT_VERSION = 5.0;
				TARGETED_DEVICE_FAMILY = 4;
				VALIDATE_PRODUCT = YES;
				WATCHOS_DEPLOYMENT_TARGET = 9.1;
			};
			name = Release;
		};
		95F5F1A52A46754500B1E408 /* Debug */ = {
			isa = XCBuildConfiguration;
			buildSettings = {
				ALWAYS_EMBED_SWIFT_STANDARD_LIBRARIES = YES;
				ASSETCATALOG_COMPILER_APPICON_NAME = AppIcon;
				ASSETCATALOG_COMPILER_GLOBAL_ACCENT_COLOR_NAME = AccentColor;
				CODE_SIGN_STYLE = Automatic;
				CURRENT_PROJECT_VERSION = 1;
				DEVELOPMENT_ASSET_PATHS = "\"WatchOSWithiOS/Preview Content\"";
				ENABLE_PREVIEWS = YES;
				GENERATE_INFOPLIST_FILE = YES;
				INFOPLIST_KEY_CFBundleDisplayName = WatchOSWithiOS;
				INFOPLIST_KEY_UIApplicationSceneManifest_Generation = YES;
				INFOPLIST_KEY_UIApplicationSupportsIndirectInputEvents = YES;
				INFOPLIST_KEY_UILaunchScreen_Generation = YES;
				INFOPLIST_KEY_UISupportedInterfaceOrientations_iPad = "UIInterfaceOrientationPortrait UIInterfaceOrientationPortraitUpsideDown UIInterfaceOrientationLandscapeLeft UIInterfaceOrientationLandscapeRight";
				INFOPLIST_KEY_UISupportedInterfaceOrientations_iPhone = "UIInterfaceOrientationPortrait UIInterfaceOrientationLandscapeLeft UIInterfaceOrientationLandscapeRight";
				IPHONEOS_DEPLOYMENT_TARGET = 16.2;
				LD_RUNPATH_SEARCH_PATHS = (
					"$(inherited)",
					"@executable_path/Frameworks",
				);
				MARKETING_VERSION = 1.0;
				PRODUCT_BUNDLE_IDENTIFIER = austin.com.WatchOSWithiOS;
				PRODUCT_NAME = "$(TARGET_NAME)";
				SDKROOT = iphoneos;
				SWIFT_EMIT_LOC_STRINGS = YES;
				SWIFT_VERSION = 5.0;
				TARGETED_DEVICE_FAMILY = "1,2";
			};
			name = Debug;
		};
		95F5F1A62A46754500B1E408 /* Release */ = {
			isa = XCBuildConfiguration;
			buildSettings = {
				ALWAYS_EMBED_SWIFT_STANDARD_LIBRARIES = YES;
				ASSETCATALOG_COMPILER_APPICON_NAME = AppIcon;
				ASSETCATALOG_COMPILER_GLOBAL_ACCENT_COLOR_NAME = AccentColor;
				CODE_SIGN_STYLE = Automatic;
				CURRENT_PROJECT_VERSION = 1;
				DEVELOPMENT_ASSET_PATHS = "\"WatchOSWithiOS/Preview Content\"";
				ENABLE_PREVIEWS = YES;
				GENERATE_INFOPLIST_FILE = YES;
				INFOPLIST_KEY_CFBundleDisplayName = WatchOSWithiOS;
				INFOPLIST_KEY_UIApplicationSceneManifest_Generation = YES;
				INFOPLIST_KEY_UIApplicationSupportsIndirectInputEvents = YES;
				INFOPLIST_KEY_UILaunchScreen_Generation = YES;
				INFOPLIST_KEY_UISupportedInterfaceOrientations_iPad = "UIInterfaceOrientationPortrait UIInterfaceOrientationPortraitUpsideDown UIInterfaceOrientationLandscapeLeft UIInterfaceOrientationLandscapeRight";
				INFOPLIST_KEY_UISupportedInterfaceOrientations_iPhone = "UIInterfaceOrientationPortrait UIInterfaceOrientationLandscapeLeft UIInterfaceOrientationLandscapeRight";
				IPHONEOS_DEPLOYMENT_TARGET = 16.2;
				LD_RUNPATH_SEARCH_PATHS = (
					"$(inherited)",
					"@executable_path/Frameworks",
				);
				MARKETING_VERSION = 1.0;
				PRODUCT_BUNDLE_IDENTIFIER = austin.com.WatchOSWithiOS;
				PRODUCT_NAME = "$(TARGET_NAME)";
				SDKROOT = iphoneos;
				SWIFT_EMIT_LOC_STRINGS = YES;
				SWIFT_VERSION = 5.0;
				TARGETED_DEVICE_FAMILY = "1,2";
				VALIDATE_PRODUCT = YES;
			};
			name = Release;
		};
/* End XCBuildConfiguration section */

/* Begin XCConfigurationList section */
		95F5F17B2A46754300B1E408 /* Build configuration list for PBXProject "WatchOSWithiOS" */ = {
			isa = XCConfigurationList;
			buildConfigurations = (
				95F5F19E2A46754500B1E408 /* Debug */,
				95F5F19F2A46754500B1E408 /* Release */,
			);
			defaultConfigurationIsVisible = 0;
			defaultConfigurationName = Release;
		};
		95F5F1A02A46754500B1E408 /* Build configuration list for PBXNativeTarget "WatchOSWithiOS Watch App" */ = {
			isa = XCConfigurationList;
			buildConfigurations = (
				95F5F1A12A46754500B1E408 /* Debug */,
				95F5F1A22A46754500B1E408 /* Release */,
			);
			defaultConfigurationIsVisible = 0;
			defaultConfigurationName = Release;
		};
		95F5F1A42A46754500B1E408 /* Build configuration list for PBXNativeTarget "WatchOSWithiOS" */ = {
			isa = XCConfigurationList;
			buildConfigurations = (
				95F5F1A52A46754500B1E408 /* Debug */,
				95F5F1A62A46754500B1E408 /* Release */,
			);
			defaultConfigurationIsVisible = 0;
			defaultConfigurationName = Release;
		};
/* End XCConfigurationList section */
	};
	rootObject = 95F5F1782A46754300B1E408 /* Project object */;
}
